
Microsoft Visual Studio Solution File, Format Version 11.00
# Visual Studio 2010
Project("{2150E333-8FDC-42A3-9474-1A3956D46DE8}") = "OpenUO", "OpenUO", "{3ADCB684-35C8-4DE6-A0F4-281CB0980BA7}"
EndProject
Project("{FAE04EC0-301F-11D3-BF4B-00C04F79EFBC}") = "Client", "OpenUO\Client\Client.csproj", "{1D78F73C-369E-4037-9EE1-D6E7D3932F52}"
EndProject
Project("{FAE04EC0-301F-11D3-BF4B-00C04F79EFBC}") = "OpenUO.Core", "OpenUO\OpenUO.Core\OpenUO.Core.csproj", "{25B50E34-555E-497E-901E-628494B0C954}"
EndProject
Project("{FAE04EC0-301F-11D3-BF4B-00C04F79EFBC}") = "OpenUO.Core.PresentationFramework", "OpenUO\OpenUO.Core.PresentationFramework\OpenUO.Core.PresentationFramework.csproj", "{84B7DD45-FB07-4D91-AA9A-2C11EDEFD38E}"
EndProject
Project("{FAE04EC0-301F-11D3-BF4B-00C04F79EFBC}") = "OpenUO.Ultima", "OpenUO\OpenUO.Ultima\OpenUO.Ultima.csproj", "{911C0A0F-1A08-4DA0-B103-EB24D9E19402}"
EndProject
Project("{FAE04EC0-301F-11D3-BF4B-00C04F79EFBC}") = "OpenUO.Ultima.Network", "OpenUO\OpenUO.Ultima.Network\OpenUO.Ultima.Network.csproj", "{99579163-9065-4F01-9CEE-9D956288669A}"
EndProject
Project("{FAE04EC0-301F-11D3-BF4B-00C04F79EFBC}") = "OpenUO.Ultima.PresentationFramework", "OpenUO\OpenUO.Ultima.PresentationFramework\OpenUO.Ultima.PresentationFramework.csproj", "{8C5BCAAD-5415-4FF7-B677-6BF398E5465D}"
EndProject
Project("{FAE04EC0-301F-11D3-BF4B-00C04F79EFBC}") = "OpenUO.Ultima.SharpDX", "OpenUO\OpenUO.Ultima.SharpDX\OpenUO.Ultima.SharpDX.csproj", "{A183E88C-FCE1-4B3C-8ADD-B36DBA6DFCF3}"
EndProject
Project("{FAE04EC0-301F-11D3-BF4B-00C04F79EFBC}") = "OpenUO.Ultima.UnitTests", "OpenUO\OpenUO.Ultima.UnitTests\OpenUO.Ultima.UnitTests.csproj", "{E2F1A5B4-60DD-4329-850D-26936BF7B84E}"
EndProject
Project("{FAE04EC0-301F-11D3-BF4B-00C04F79EFBC}") = "OpenUO.Ultima.Windows.Forms", "OpenUO\OpenUO.Ultima.Windows.Forms\OpenUO.Ultima.Windows.Forms.csproj", "{5050B1A5-4683-4935-81DE-1B7A4403831B}"
EndProject
Project("{8BC9CEB8-8B4A-11D0-8D11-00A0C91BC942}") = "ShaderDecompiler", "OpenUO\ShaderDecompiler\ShaderDecompiler.vcxproj", "{15FB8586-2C75-45EF-AF0F-F0224AAB1434}"
EndProject
Project("{FAE04EC0-301F-11D3-BF4B-00C04F79EFBC}") = "Ultima.Winforms.Sample", "OpenUO\Ultima.Winforms.Sample\Ultima.Winforms.Sample.csproj", "{31E01A63-54EB-4FF2-A907-870C54356BDA}"
EndProject
Project("{FAE04EC0-301F-11D3-BF4B-00C04F79EFBC}") = "EssenceUDK.Controls", "EssenceUDK.Controls\EssenceUDK.Controls.csproj", "{65F4F53B-DD6D-497C-9FD0-C9B2F48AB74C}"
EndProject
Project("{FAE04EC0-301F-11D3-BF4B-00C04F79EFBC}") = "EssenceUDK.Platform", "EssenceUDK.Platform\EssenceUDK.Platform.csproj", "{E3C136FB-FB5C-4B65-81ED-697157F46CC1}"
EndProject
Project("{FAE04EC0-301F-11D3-BF4B-00C04F79EFBC}") = "EssenceUDK.Resources", "EssenceUDK.Resources\EssenceUDK.Resources.csproj", "{BF268AE6-1FC3-4A1B-A6D8-CCAD0BAB4833}"
EndProject
Project("{FAE04EC0-301F-11D3-BF4B-00C04F79EFBC}") = "EssenceUDK.Add-ins", "EssenceUDK.Add-ins\EssenceUDK.Add-ins.csproj", "{51793A49-891E-469D-A216-331D7AA7B480}"
EndProject
Project("{FAE04EC0-301F-11D3-BF4B-00C04F79EFBC}") = "EssenceUDK", "EssenceUDK\EssenceUDK.csproj", "{09277896-FE20-4209-AA72-C4D09AA16FC9}"
EndProject
Global
	GlobalSection(SolutionConfigurationPlatforms) = preSolution
		Debug|Any CPU = Debug|Any CPU
		Debug|Mixed Platforms = Debug|Mixed Platforms
		Debug|Win32 = Debug|Win32
		Debug|x64 = Debug|x64
		Debug|x86 = Debug|x86
		Release|Any CPU = Release|Any CPU
		Release|Mixed Platforms = Release|Mixed Platforms
		Release|Win32 = Release|Win32
		Release|x64 = Release|x64
		Release|x86 = Release|x86
	EndGlobalSection
	GlobalSection(ProjectConfigurationPlatforms) = postSolution
		{1D78F73C-369E-4037-9EE1-D6E7D3932F52}.Debug|Any CPU.ActiveCfg = Debug|x86
		{1D78F73C-369E-4037-9EE1-D6E7D3932F52}.Debug|Mixed Platforms.ActiveCfg = Debug|x86
		{1D78F73C-369E-4037-9EE1-D6E7D3932F52}.Debug|Mixed Platforms.Build.0 = Debug|x86
		{1D78F73C-369E-4037-9EE1-D6E7D3932F52}.Debug|Win32.ActiveCfg = Debug|x86
		{1D78F73C-369E-4037-9EE1-D6E7D3932F52}.Debug|x64.ActiveCfg = Debug|x86
		{1D78F73C-369E-4037-9EE1-D6E7D3932F52}.Debug|x86.ActiveCfg = Debug|x86
		{1D78F73C-369E-4037-9EE1-D6E7D3932F52}.Debug|x86.Build.0 = Debug|x86
		{1D78F73C-369E-4037-9EE1-D6E7D3932F52}.Release|Any CPU.ActiveCfg = Release|x86
		{1D78F73C-369E-4037-9EE1-D6E7D3932F52}.Release|Mixed Platforms.ActiveCfg = Release|x86
		{1D78F73C-369E-4037-9EE1-D6E7D3932F52}.Release|Mixed Platforms.Build.0 = Release|x86
		{1D78F73C-369E-4037-9EE1-D6E7D3932F52}.Release|Win32.ActiveCfg = Release|x86
		{1D78F73C-369E-4037-9EE1-D6E7D3932F52}.Release|x64.ActiveCfg = Release|x86
		{1D78F73C-369E-4037-9EE1-D6E7D3932F52}.Release|x86.ActiveCfg = Release|x86
		{1D78F73C-369E-4037-9EE1-D6E7D3932F52}.Release|x86.Build.0 = Release|x86
		{25B50E34-555E-497E-901E-628494B0C954}.Debug|Any CPU.ActiveCfg = Debug|Any CPU
		{25B50E34-555E-497E-901E-628494B0C954}.Debug|Any CPU.Build.0 = Debug|Any CPU
		{25B50E34-555E-497E-901E-628494B0C954}.Debug|Mixed Platforms.ActiveCfg = Debug|Any CPU
		{25B50E34-555E-497E-901E-628494B0C954}.Debug|Mixed Platforms.Build.0 = Debug|Any CPU
		{25B50E34-555E-497E-901E-628494B0C954}.Debug|Win32.ActiveCfg = Debug|Any CPU
		{25B50E34-555E-497E-901E-628494B0C954}.Debug|x64.ActiveCfg = Debug|Any CPU
		{25B50E34-555E-497E-901E-628494B0C954}.Debug|x86.ActiveCfg = Debug|Any CPU
		{25B50E34-555E-497E-901E-628494B0C954}.Release|Any CPU.ActiveCfg = Release|Any CPU
		{25B50E34-555E-497E-901E-628494B0C954}.Release|Any CPU.Build.0 = Release|Any CPU
		{25B50E34-555E-497E-901E-628494B0C954}.Release|Mixed Platforms.ActiveCfg = Release|Any CPU
		{25B50E34-555E-497E-901E-628494B0C954}.Release|Mixed Platforms.Build.0 = Release|Any CPU
		{25B50E34-555E-497E-901E-628494B0C954}.Release|Win32.ActiveCfg = Release|Any CPU
		{25B50E34-555E-497E-901E-628494B0C954}.Release|x64.ActiveCfg = Release|Any CPU
		{25B50E34-555E-497E-901E-628494B0C954}.Release|x86.ActiveCfg = Release|Any CPU
		{84B7DD45-FB07-4D91-AA9A-2C11EDEFD38E}.Debug|Any CPU.ActiveCfg = Debug|Any CPU
		{84B7DD45-FB07-4D91-AA9A-2C11EDEFD38E}.Debug|Any CPU.Build.0 = Debug|Any CPU
		{84B7DD45-FB07-4D91-AA9A-2C11EDEFD38E}.Debug|Mixed Platforms.ActiveCfg = Debug|Any CPU
		{84B7DD45-FB07-4D91-AA9A-2C11EDEFD38E}.Debug|Mixed Platforms.Build.0 = Debug|Any CPU
		{84B7DD45-FB07-4D91-AA9A-2C11EDEFD38E}.Debug|Win32.ActiveCfg = Debug|Any CPU
		{84B7DD45-FB07-4D91-AA9A-2C11EDEFD38E}.Debug|x64.ActiveCfg = Debug|Any CPU
		{84B7DD45-FB07-4D91-AA9A-2C11EDEFD38E}.Debug|x86.ActiveCfg = Debug|Any CPU
		{84B7DD45-FB07-4D91-AA9A-2C11EDEFD38E}.Release|Any CPU.ActiveCfg = Release|Any CPU
		{84B7DD45-FB07-4D91-AA9A-2C11EDEFD38E}.Release|Any CPU.Build.0 = Release|Any CPU
		{84B7DD45-FB07-4D91-AA9A-2C11EDEFD38E}.Release|Mixed Platforms.ActiveCfg = Release|Any CPU
		{84B7DD45-FB07-4D91-AA9A-2C11EDEFD38E}.Release|Mixed Platforms.Build.0 = Release|Any CPU
		{84B7DD45-FB07-4D91-AA9A-2C11EDEFD38E}.Release|Win32.ActiveCfg = Release|Any CPU
		{84B7DD45-FB07-4D91-AA9A-2C11EDEFD38E}.Release|x64.ActiveCfg = Release|Any CPU
		{84B7DD45-FB07-4D91-AA9A-2C11EDEFD38E}.Release|x86.ActiveCfg = Release|Any CPU
		{911C0A0F-1A08-4DA0-B103-EB24D9E19402}.Debug|Any CPU.ActiveCfg = Debug|Any CPU
		{911C0A0F-1A08-4DA0-B103-EB24D9E19402}.Debug|Any CPU.Build.0 = Debug|Any CPU
		{911C0A0F-1A08-4DA0-B103-EB24D9E19402}.Debug|Mixed Platforms.ActiveCfg = Debug|Any CPU
		{911C0A0F-1A08-4DA0-B103-EB24D9E19402}.Debug|Mixed Platforms.Build.0 = Debug|Any CPU
		{911C0A0F-1A08-4DA0-B103-EB24D9E19402}.Debug|Win32.ActiveCfg = Debug|Any CPU
		{911C0A0F-1A08-4DA0-B103-EB24D9E19402}.Debug|x64.ActiveCfg = Debug|Any CPU
		{911C0A0F-1A08-4DA0-B103-EB24D9E19402}.Debug|x86.ActiveCfg = Debug|Any CPU
		{911C0A0F-1A08-4DA0-B103-EB24D9E19402}.Release|Any CPU.ActiveCfg = Release|Any CPU
		{911C0A0F-1A08-4DA0-B103-EB24D9E19402}.Release|Any CPU.Build.0 = Release|Any CPU
		{911C0A0F-1A08-4DA0-B103-EB24D9E19402}.Release|Mixed Platforms.ActiveCfg = Release|Any CPU
		{911C0A0F-1A08-4DA0-B103-EB24D9E19402}.Release|Mixed Platforms.Build.0 = Release|Any CPU
		{911C0A0F-1A08-4DA0-B103-EB24D9E19402}.Release|Win32.ActiveCfg = Release|Any CPU
		{911C0A0F-1A08-4DA0-B103-EB24D9E19402}.Release|x64.ActiveCfg = Release|Any CPU
		{911C0A0F-1A08-4DA0-B103-EB24D9E19402}.Release|x86.ActiveCfg = Release|Any CPU
		{99579163-9065-4F01-9CEE-9D956288669A}.Debug|Any CPU.ActiveCfg = Debug|Any CPU
		{99579163-9065-4F01-9CEE-9D956288669A}.Debug|Any CPU.Build.0 = Debug|Any CPU
		{99579163-9065-4F01-9CEE-9D956288669A}.Debug|Mixed Platforms.ActiveCfg = Debug|Any CPU
		{99579163-9065-4F01-9CEE-9D956288669A}.Debug|Mixed Platforms.Build.0 = Debug|Any CPU
		{99579163-9065-4F01-9CEE-9D956288669A}.Debug|Win32.ActiveCfg = Debug|Any CPU
		{99579163-9065-4F01-9CEE-9D956288669A}.Debug|x64.ActiveCfg = Debug|Any CPU
		{99579163-9065-4F01-9CEE-9D956288669A}.Debug|x86.ActiveCfg = Debug|Any CPU
		{99579163-9065-4F01-9CEE-9D956288669A}.Release|Any CPU.ActiveCfg = Release|Any CPU
		{99579163-9065-4F01-9CEE-9D956288669A}.Release|Any CPU.Build.0 = Release|Any CPU
		{99579163-9065-4F01-9CEE-9D956288669A}.Release|Mixed Platforms.ActiveCfg = Release|Any CPU
		{99579163-9065-4F01-9CEE-9D956288669A}.Release|Mixed Platforms.Build.0 = Release|Any CPU
		{99579163-9065-4F01-9CEE-9D956288669A}.Release|Win32.ActiveCfg = Release|Any CPU
		{99579163-9065-4F01-9CEE-9D956288669A}.Release|x64.ActiveCfg = Release|Any CPU
		{99579163-9065-4F01-9CEE-9D956288669A}.Release|x86.ActiveCfg = Release|Any CPU
		{8C5BCAAD-5415-4FF7-B677-6BF398E5465D}.Debug|Any CPU.ActiveCfg = Debug|Any CPU
		{8C5BCAAD-5415-4FF7-B677-6BF398E5465D}.Debug|Any CPU.Build.0 = Debug|Any CPU
		{8C5BCAAD-5415-4FF7-B677-6BF398E5465D}.Debug|Mixed Platforms.ActiveCfg = Debug|Any CPU
		{8C5BCAAD-5415-4FF7-B677-6BF398E5465D}.Debug|Mixed Platforms.Build.0 = Debug|Any CPU
		{8C5BCAAD-5415-4FF7-B677-6BF398E5465D}.Debug|Win32.ActiveCfg = Debug|Any CPU
		{8C5BCAAD-5415-4FF7-B677-6BF398E5465D}.Debug|x64.ActiveCfg = Debug|Any CPU
		{8C5BCAAD-5415-4FF7-B677-6BF398E5465D}.Debug|x86.ActiveCfg = Debug|Any CPU
		{8C5BCAAD-5415-4FF7-B677-6BF398E5465D}.Release|Any CPU.ActiveCfg = Release|Any CPU
		{8C5BCAAD-5415-4FF7-B677-6BF398E5465D}.Release|Any CPU.Build.0 = Release|Any CPU
		{8C5BCAAD-5415-4FF7-B677-6BF398E5465D}.Release|Mixed Platforms.ActiveCfg = Release|Any CPU
		{8C5BCAAD-5415-4FF7-B677-6BF398E5465D}.Release|Mixed Platforms.Build.0 = Release|Any CPU
		{8C5BCAAD-5415-4FF7-B677-6BF398E5465D}.Release|Win32.ActiveCfg = Release|Any CPU
		{8C5BCAAD-5415-4FF7-B677-6BF398E5465D}.Release|x64.ActiveCfg = Release|Any CPU
		{8C5BCAAD-5415-4FF7-B677-6BF398E5465D}.Release|x86.ActiveCfg = Release|Any CPU
		{A183E88C-FCE1-4B3C-8ADD-B36DBA6DFCF3}.Debug|Any CPU.ActiveCfg = Debug|Any CPU
		{A183E88C-FCE1-4B3C-8ADD-B36DBA6DFCF3}.Debug|Any CPU.Build.0 = Debug|Any CPU
		{A183E88C-FCE1-4B3C-8ADD-B36DBA6DFCF3}.Debug|Mixed Platforms.ActiveCfg = Debug|Any CPU
		{A183E88C-FCE1-4B3C-8ADD-B36DBA6DFCF3}.Debug|Mixed Platforms.Build.0 = Debug|Any CPU
		{A183E88C-FCE1-4B3C-8ADD-B36DBA6DFCF3}.Debug|Win32.ActiveCfg = Debug|Any CPU
		{A183E88C-FCE1-4B3C-8ADD-B36DBA6DFCF3}.Debug|x64.ActiveCfg = Debug|Any CPU
		{A183E88C-FCE1-4B3C-8ADD-B36DBA6DFCF3}.Debug|x86.ActiveCfg = Debug|Any CPU
		{A183E88C-FCE1-4B3C-8ADD-B36DBA6DFCF3}.Release|Any CPU.ActiveCfg = Release|Any CPU
		{A183E88C-FCE1-4B3C-8ADD-B36DBA6DFCF3}.Release|Any CPU.Build.0 = Release|Any CPU
		{A183E88C-FCE1-4B3C-8ADD-B36DBA6DFCF3}.Release|Mixed Platforms.ActiveCfg = Release|Any CPU
		{A183E88C-FCE1-4B3C-8ADD-B36DBA6DFCF3}.Release|Mixed Platforms.Build.0 = Release|Any CPU
		{A183E88C-FCE1-4B3C-8ADD-B36DBA6DFCF3}.Release|Win32.ActiveCfg = Release|Any CPU
		{A183E88C-FCE1-4B3C-8ADD-B36DBA6DFCF3}.Release|x64.ActiveCfg = Release|Any CPU
		{A183E88C-FCE1-4B3C-8ADD-B36DBA6DFCF3}.Release|x86.ActiveCfg = Release|Any CPU
		{E2F1A5B4-60DD-4329-850D-26936BF7B84E}.Debug|Any CPU.ActiveCfg = Debug|Any CPU
		{E2F1A5B4-60DD-4329-850D-26936BF7B84E}.Debug|Any CPU.Build.0 = Debug|Any CPU
		{E2F1A5B4-60DD-4329-850D-26936BF7B84E}.Debug|Mixed Platforms.ActiveCfg = Debug|Any CPU
		{E2F1A5B4-60DD-4329-850D-26936BF7B84E}.Debug|Mixed Platforms.Build.0 = Debug|Any CPU
		{E2F1A5B4-60DD-4329-850D-26936BF7B84E}.Debug|Win32.ActiveCfg = Debug|Any CPU
		{E2F1A5B4-60DD-4329-850D-26936BF7B84E}.Debug|x64.ActiveCfg = Debug|Any CPU
		{E2F1A5B4-60DD-4329-850D-26936BF7B84E}.Debug|x86.ActiveCfg = Debug|Any CPU
		{E2F1A5B4-60DD-4329-850D-26936BF7B84E}.Release|Any CPU.ActiveCfg = Release|Any CPU
		{E2F1A5B4-60DD-4329-850D-26936BF7B84E}.Release|Any CPU.Build.0 = Release|Any CPU
		{E2F1A5B4-60DD-4329-850D-26936BF7B84E}.Release|Mixed Platforms.ActiveCfg = Release|Any CPU
		{E2F1A5B4-60DD-4329-850D-26936BF7B84E}.Release|Mixed Platforms.Build.0 = Release|Any CPU
		{E2F1A5B4-60DD-4329-850D-26936BF7B84E}.Release|Win32.ActiveCfg = Release|Any CPU
		{E2F1A5B4-60DD-4329-850D-26936BF7B84E}.Release|x64.ActiveCfg = Release|Any CPU
		{E2F1A5B4-60DD-4329-850D-26936BF7B84E}.Release|x86.ActiveCfg = Release|Any CPU
		{5050B1A5-4683-4935-81DE-1B7A4403831B}.Debug|Any CPU.ActiveCfg = Debug|Any CPU
		{5050B1A5-4683-4935-81DE-1B7A4403831B}.Debug|Any CPU.Build.0 = Debug|Any CPU
		{5050B1A5-4683-4935-81DE-1B7A4403831B}.Debug|Mixed Platforms.ActiveCfg = Debug|Any CPU
		{5050B1A5-4683-4935-81DE-1B7A4403831B}.Debug|Mixed Platforms.Build.0 = Debug|Any CPU
		{5050B1A5-4683-4935-81DE-1B7A4403831B}.Debug|Win32.ActiveCfg = Debug|Any CPU
		{5050B1A5-4683-4935-81DE-1B7A4403831B}.Debug|x64.ActiveCfg = Debug|Any CPU
		{5050B1A5-4683-4935-81DE-1B7A4403831B}.Debug|x86.ActiveCfg = Debug|Any CPU
		{5050B1A5-4683-4935-81DE-1B7A4403831B}.Release|Any CPU.ActiveCfg = Release|Any CPU
		{5050B1A5-4683-4935-81DE-1B7A4403831B}.Release|Any CPU.Build.0 = Release|Any CPU
		{5050B1A5-4683-4935-81DE-1B7A4403831B}.Release|Mixed Platforms.ActiveCfg = Release|Any CPU
		{5050B1A5-4683-4935-81DE-1B7A4403831B}.Release|Mixed Platforms.Build.0 = Release|Any CPU
		{5050B1A5-4683-4935-81DE-1B7A4403831B}.Release|Win32.ActiveCfg = Release|Any CPU
		{5050B1A5-4683-4935-81DE-1B7A4403831B}.Release|x64.ActiveCfg = Release|Any CPU
		{5050B1A5-4683-4935-81DE-1B7A4403831B}.Release|x86.ActiveCfg = Release|Any CPU
		{15FB8586-2C75-45EF-AF0F-F0224AAB1434}.Debug|Any CPU.ActiveCfg = Debug|Win32
		{15FB8586-2C75-45EF-AF0F-F0224AAB1434}.Debug|Mixed Platforms.ActiveCfg = Debug|Win32
		{15FB8586-2C75-45EF-AF0F-F0224AAB1434}.Debug|Mixed Platforms.Build.0 = Debug|Win32
		{15FB8586-2C75-45EF-AF0F-F0224AAB1434}.Debug|Win32.ActiveCfg = Debug|Win32
		{15FB8586-2C75-45EF-AF0F-F0224AAB1434}.Debug|Win32.Build.0 = Debug|Win32
		{15FB8586-2C75-45EF-AF0F-F0224AAB1434}.Debug|x64.ActiveCfg = Debug|Win32
		{15FB8586-2C75-45EF-AF0F-F0224AAB1434}.Debug|x86.ActiveCfg = Debug|Win32
		{15FB8586-2C75-45EF-AF0F-F0224AAB1434}.Release|Any CPU.ActiveCfg = Release|Win32
		{15FB8586-2C75-45EF-AF0F-F0224AAB1434}.Release|Mixed Platforms.ActiveCfg = Release|Win32
		{15FB8586-2C75-45EF-AF0F-F0224AAB1434}.Release|Mixed Platforms.Build.0 = Release|Win32
		{15FB8586-2C75-45EF-AF0F-F0224AAB1434}.Release|Win32.ActiveCfg = Release|Win32
		{15FB8586-2C75-45EF-AF0F-F0224AAB1434}.Release|Win32.Build.0 = Release|Win32
		{15FB8586-2C75-45EF-AF0F-F0224AAB1434}.Release|x64.ActiveCfg = Release|Win32
		{15FB8586-2C75-45EF-AF0F-F0224AAB1434}.Release|x86.ActiveCfg = Release|Win32
		{31E01A63-54EB-4FF2-A907-870C54356BDA}.Debug|Any CPU.ActiveCfg = Debug|x86
		{31E01A63-54EB-4FF2-A907-870C54356BDA}.Debug|Mixed Platforms.ActiveCfg = Debug|x86
		{31E01A63-54EB-4FF2-A907-870C54356BDA}.Debug|Mixed Platforms.Build.0 = Debug|x86
		{31E01A63-54EB-4FF2-A907-870C54356BDA}.Debug|Win32.ActiveCfg = Debug|x86
		{31E01A63-54EB-4FF2-A907-870C54356BDA}.Debug|x64.ActiveCfg = Debug|x86
		{31E01A63-54EB-4FF2-A907-870C54356BDA}.Debug|x86.ActiveCfg = Debug|x86
		{31E01A63-54EB-4FF2-A907-870C54356BDA}.Debug|x86.Build.0 = Debug|x86
		{31E01A63-54EB-4FF2-A907-870C54356BDA}.Release|Any CPU.ActiveCfg = Release|x86
		{31E01A63-54EB-4FF2-A907-870C54356BDA}.Release|Mixed Platforms.ActiveCfg = Release|x86
		{31E01A63-54EB-4FF2-A907-870C54356BDA}.Release|Mixed Platforms.Build.0 = Release|x86
		{31E01A63-54EB-4FF2-A907-870C54356BDA}.Release|Win32.ActiveCfg = Release|x86
		{31E01A63-54EB-4FF2-A907-870C54356BDA}.Release|x64.ActiveCfg = Release|x86
		{31E01A63-54EB-4FF2-A907-870C54356BDA}.Release|x86.ActiveCfg = Release|x86
		{31E01A63-54EB-4FF2-A907-870C54356BDA}.Release|x86.Build.0 = Release|x86
		{65F4F53B-DD6D-497C-9FD0-C9B2F48AB74C}.Debug|Any CPU.ActiveCfg = Debug|Any CPU
		{65F4F53B-DD6D-497C-9FD0-C9B2F48AB74C}.Debug|Any CPU.Build.0 = Debug|Any CPU
		{65F4F53B-DD6D-497C-9FD0-C9B2F48AB74C}.Debug|Mixed Platforms.ActiveCfg = Debug|Any CPU
		{65F4F53B-DD6D-497C-9FD0-C9B2F48AB74C}.Debug|Mixed Platforms.Build.0 = Debug|Any CPU
		{65F4F53B-DD6D-497C-9FD0-C9B2F48AB74C}.Debug|Win32.ActiveCfg = Debug|Any CPU
		{65F4F53B-DD6D-497C-9FD0-C9B2F48AB74C}.Debug|x64.ActiveCfg = Debug|Any CPU
		{65F4F53B-DD6D-497C-9FD0-C9B2F48AB74C}.Debug|x86.ActiveCfg = Debug|Any CPU
		{65F4F53B-DD6D-497C-9FD0-C9B2F48AB74C}.Release|Any CPU.ActiveCfg = Release|Any CPU
		{65F4F53B-DD6D-497C-9FD0-C9B2F48AB74C}.Release|Any CPU.Build.0 = Release|Any CPU
		{65F4F53B-DD6D-497C-9FD0-C9B2F48AB74C}.Release|Mixed Platforms.ActiveCfg = Release|Any CPU
		{65F4F53B-DD6D-497C-9FD0-C9B2F48AB74C}.Release|Mixed Platforms.Build.0 = Release|Any CPU
		{65F4F53B-DD6D-497C-9FD0-C9B2F48AB74C}.Release|Win32.ActiveCfg = Release|Any CPU
		{65F4F53B-DD6D-497C-9FD0-C9B2F48AB74C}.Release|x64.ActiveCfg = Release|Any CPU
		{65F4F53B-DD6D-497C-9FD0-C9B2F48AB74C}.Release|x86.ActiveCfg = Release|Any CPU
		{E3C136FB-FB5C-4B65-81ED-697157F46CC1}.Debug|Any CPU.ActiveCfg = Debug|Any CPU
		{E3C136FB-FB5C-4B65-81ED-697157F46CC1}.Debug|Any CPU.Build.0 = Debug|Any CPU
		{E3C136FB-FB5C-4B65-81ED-697157F46CC1}.Debug|Mixed Platforms.ActiveCfg = Debug|Any CPU
		{E3C136FB-FB5C-4B65-81ED-697157F46CC1}.Debug|Mixed Platforms.Build.0 = Debug|Any CPU
		{E3C136FB-FB5C-4B65-81ED-697157F46CC1}.Debug|Win32.ActiveCfg = Debug|Any CPU
		{E3C136FB-FB5C-4B65-81ED-697157F46CC1}.Debug|x64.ActiveCfg = Debug|Any CPU
		{E3C136FB-FB5C-4B65-81ED-697157F46CC1}.Debug|x86.ActiveCfg = Debug|Any CPU
		{E3C136FB-FB5C-4B65-81ED-697157F46CC1}.Release|Any CPU.ActiveCfg = Release|Any CPU
		{E3C136FB-FB5C-4B65-81ED-697157F46CC1}.Release|Any CPU.Build.0 = Release|Any CPU
		{E3C136FB-FB5C-4B65-81ED-697157F46CC1}.Release|Mixed Platforms.ActiveCfg = Release|Any CPU
		{E3C136FB-FB5C-4B65-81ED-697157F46CC1}.Release|Mixed Platforms.Build.0 = Release|Any CPU
		{E3C136FB-FB5C-4B65-81ED-697157F46CC1}.Release|Win32.ActiveCfg = Release|Any CPU
		{E3C136FB-FB5C-4B65-81ED-697157F46CC1}.Release|x64.ActiveCfg = Release|Any CPU
		{E3C136FB-FB5C-4B65-81ED-697157F46CC1}.Release|x86.ActiveCfg = Release|Any CPU
		{BF268AE6-1FC3-4A1B-A6D8-CCAD0BAB4833}.Debug|Any CPU.ActiveCfg = Debug|Any CPU
		{BF268AE6-1FC3-4A1B-A6D8-CCAD0BAB4833}.Debug|Any CPU.Build.0 = Debug|Any CPU
		{BF268AE6-1FC3-4A1B-A6D8-CCAD0BAB4833}.Debug|Mixed Platforms.ActiveCfg = Debug|Any CPU
		{BF268AE6-1FC3-4A1B-A6D8-CCAD0BAB4833}.Debug|Mixed Platforms.Build.0 = Debug|Any CPU
		{BF268AE6-1FC3-4A1B-A6D8-CCAD0BAB4833}.Debug|Win32.ActiveCfg = Debug|Any CPU
		{BF268AE6-1FC3-4A1B-A6D8-CCAD0BAB4833}.Debug|x64.ActiveCfg = Debug|Any CPU
		{BF268AE6-1FC3-4A1B-A6D8-CCAD0BAB4833}.Debug|x86.ActiveCfg = Debug|Any CPU
		{BF268AE6-1FC3-4A1B-A6D8-CCAD0BAB4833}.Release|Any CPU.ActiveCfg = Release|Any CPU
		{BF268AE6-1FC3-4A1B-A6D8-CCAD0BAB4833}.Release|Any CPU.Build.0 = Release|Any CPU
		{BF268AE6-1FC3-4A1B-A6D8-CCAD0BAB4833}.Release|Mixed Platforms.ActiveCfg = Release|Any CPU
		{BF268AE6-1FC3-4A1B-A6D8-CCAD0BAB4833}.Release|Mixed Platforms.Build.0 = Release|Any CPU
		{BF268AE6-1FC3-4A1B-A6D8-CCAD0BAB4833}.Release|Win32.ActiveCfg = Release|Any CPU
		{BF268AE6-1FC3-4A1B-A6D8-CCAD0BAB4833}.Release|x64.ActiveCfg = Release|Any CPU
		{BF268AE6-1FC3-4A1B-A6D8-CCAD0BAB4833}.Release|x86.ActiveCfg = Release|Any CPU
		{51793A49-891E-469D-A216-331D7AA7B480}.Debug|Any CPU.ActiveCfg = Debug|Any CPU
		{51793A49-891E-469D-A216-331D7AA7B480}.Debug|Any CPU.Build.0 = Debug|Any CPU
		{51793A49-891E-469D-A216-331D7AA7B480}.Debug|Mixed Platforms.ActiveCfg = Debug|Any CPU
		{51793A49-891E-469D-A216-331D7AA7B480}.Debug|Mixed Platforms.Build.0 = Debug|Any CPU
		{51793A49-891E-469D-A216-331D7AA7B480}.Debug|Win32.ActiveCfg = Debug|Any CPU
		{51793A49-891E-469D-A216-331D7AA7B480}.Debug|x64.ActiveCfg = Debug|Any CPU
		{51793A49-891E-469D-A216-331D7AA7B480}.Debug|x86.ActiveCfg = Debug|Any CPU
		{51793A49-891E-469D-A216-331D7AA7B480}.Release|Any CPU.ActiveCfg = Release|Any CPU
		{51793A49-891E-469D-A216-331D7AA7B480}.Release|Any CPU.Build.0 = Release|Any CPU
		{51793A49-891E-469D-A216-331D7AA7B480}.Release|Mixed Platforms.ActiveCfg = Release|Any CPU
		{51793A49-891E-469D-A216-331D7AA7B480}.Release|Mixed Platforms.Build.0 = Release|Any CPU
		{51793A49-891E-469D-A216-331D7AA7B480}.Release|Win32.ActiveCfg = Release|Any CPU
		{51793A49-891E-469D-A216-331D7AA7B480}.Release|x64.ActiveCfg = Release|Any CPU
		{51793A49-891E-469D-A216-331D7AA7B480}.Release|x86.ActiveCfg = Release|Any CPU
		{09277896-FE20-4209-AA72-C4D09AA16FC9}.Debug|Any CPU.ActiveCfg = Debug|x86
		{09277896-FE20-4209-AA72-C4D09AA16FC9}.Debug|Mixed Platforms.ActiveCfg = Debug|x86
		{09277896-FE20-4209-AA72-C4D09AA16FC9}.Debug|Mixed Platforms.Build.0 = Debug|x86
		{09277896-FE20-4209-AA72-C4D09AA16FC9}.Debug|Win32.ActiveCfg = Debug|x86
		{09277896-FE20-4209-AA72-C4D09AA16FC9}.Debug|x64.ActiveCfg = Debug|x86
		{09277896-FE20-4209-AA72-C4D09AA16FC9}.Debug|x86.ActiveCfg = Debug|x86
		{09277896-FE20-4209-AA72-C4D09AA16FC9}.Debug|x86.Build.0 = Debug|x86
		{09277896-FE20-4209-AA72-C4D09AA16FC9}.Release|Any CPU.ActiveCfg = Release|x86
		{09277896-FE20-4209-AA72-C4D09AA16FC9}.Release|Mixed Platforms.ActiveCfg = Release|x86
		{09277896-FE20-4209-AA72-C4D09AA16FC9}.Release|Mixed Platforms.Build.0 = Release|x86
		{09277896-FE20-4209-AA72-C4D09AA16FC9}.Release|Win32.ActiveCfg = Release|x86
		{09277896-FE20-4209-AA72-C4D09AA16FC9}.Release|x64.ActiveCfg = Release|x86
		{09277896-FE20-4209-AA72-C4D09AA16FC9}.Release|x86.ActiveCfg = Release|x86
		{09277896-FE20-4209-AA72-C4D09AA16FC9}.Release|x86.Build.0 = Release|x86
	EndGlobalSection
	GlobalSection(SolutionProperties) = preSolution
		HideSolutionNode = FALSE
	EndGlobalSection
	GlobalSection(NestedProjects) = preSolution
		{1D78F73C-369E-4037-9EE1-D6E7D3932F52} = {3ADCB684-35C8-4DE6-A0F4-281CB0980BA7}
		{25B50E34-555E-497E-901E-628494B0C954} = {3ADCB684-35C8-4DE6-A0F4-281CB0980BA7}
		{84B7DD45-FB07-4D91-AA9A-2C11EDEFD38E} = {3ADCB684-35C8-4DE6-A0F4-281CB0980BA7}
		{911C0A0F-1A08-4DA0-B103-EB24D9E19402} = {3ADCB684-35C8-4DE6-A0F4-281CB0980BA7}
		{99579163-9065-4F01-9CEE-9D956288669A} = {3ADCB684-35C8-4DE6-A0F4-281CB0980BA7}
		{8C5BCAAD-5415-4FF7-B677-6BF398E5465D} = {3ADCB684-35C8-4DE6-A0F4-281CB0980BA7}
		{A183E88C-FCE1-4B3C-8ADD-B36DBA6DFCF3} = {3ADCB684-35C8-4DE6-A0F4-281CB0980BA7}
		{E2F1A5B4-60DD-4329-850D-26936BF7B84E} = {3ADCB684-35C8-4DE6-A0F4-281CB0980BA7}
		{5050B1A5-4683-4935-81DE-1B7A4403831B} = {3ADCB684-35C8-4DE6-A0F4-281CB0980BA7}
		{15FB8586-2C75-45EF-AF0F-F0224AAB1434} = {3ADCB684-35C8-4DE6-A0F4-281CB0980BA7}
		{31E01A63-54EB-4FF2-A907-870C54356BDA} = {3ADCB684-35C8-4DE6-A0F4-281CB0980BA7}
	EndGlobalSection
EndGlobal
