
Microsoft Visual Studio Solution File, Format Version 12.00
# Visual Studio 2010
Project("{FAE04EC0-301F-11D3-BF4B-00C04F79EFBC}") = "EssenceUDK.Controls", "EssenceUDK.Controls\EssenceUDK.Controls.csproj", "{65F4F53B-DD6D-497C-9FD0-C9B2F48AB74C}"
EndProject
Project("{FAE04EC0-301F-11D3-BF4B-00C04F79EFBC}") = "EssenceUDK.Platform", "EssenceUDK.Platform\EssenceUDK.Platform.csproj", "{E3C136FB-FB5C-4B65-81ED-697157F46CC1}"
EndProject
Project("{FAE04EC0-301F-11D3-BF4B-00C04F79EFBC}") = "EssenceUDK.Resources", "EssenceUDK.Resources\EssenceUDK.Resources.csproj", "{BF268AE6-1FC3-4A1B-A6D8-CCAD0BAB4833}"
EndProject
Project("{FAE04EC0-301F-11D3-BF4B-00C04F79EFBC}") = "EssenceUDK.Add-ins", "EssenceUDK.Add-ins\EssenceUDK.Add-ins.csproj", "{51793A49-891E-469D-A216-331D7AA7B480}"
EndProject
Project("{FAE04EC0-301F-11D3-BF4B-00C04F79EFBC}") = "EssenceUDK", "EssenceUDK\EssenceUDK.csproj", "{09277896-FE20-4209-AA72-C4D09AA16FC9}"
EndProject
Project("{FAE04EC0-301F-11D3-BF4B-00C04F79EFBC}") = "MiscUtil", "MiscUtil\MiscUtil.csproj", "{4FC1D5F4-661F-48DC-B397-4CDCB7D61ABE}"
EndProject
Project("{FAE04EC0-301F-11D3-BF4B-00C04F79EFBC}") = "EssenceUDK.MapMaker", "OpenUO.MapMaker\EssenceUDK.MapMaker.csproj", "{2F25DC15-7C8B-4C57-8C31-E33DEE517E7B}"
EndProject
Project("{FAE04EC0-301F-11D3-BF4B-00C04F79EFBC}") = "MapMakerApplication", "MapMakerApplication\MapMakerApplication.csproj", "{1CCA9E34-6C15-40F8-9B7C-CEF9D174445B}"
EndProject
Project("{FAE04EC0-301F-11D3-BF4B-00C04F79EFBC}") = "WPFToolkit.Extended", "wpftoolkit-94877\Release\v1.7.0\ExtendedWPFToolkitSolution\Src\WPFToolkit.Extended\WPFToolkit.Extended.csproj", "{72E591D6-8F83-4D8C-8F67-9C325E623234}"
EndProject
Project("{FAE04EC0-301F-11D3-BF4B-00C04F79EFBC}") = "AvalonDock", "avalondock-96190\Version2.0\AvalonDock\AvalonDock\AvalonDock.csproj", "{DB81988F-E0F2-45A0-A1FD-8C37F3D35244}"
EndProject
Project("{2150E333-8FDC-42A3-9474-1A3956D46DE8}") = "WPF_ControlSupport", "WPF_ControlSupport", "{46005040-1A98-4E75-85DA-AB492B2FBD5C}"
EndProject
Project("{FAE04EC0-301F-11D3-BF4B-00C04F79EFBC}") = "AvalonDock.Themes.VS2010", "avalondock-96190\Version2.0\AvalonDock\AvalonDock.Theme.VS2010\AvalonDock.Themes.VS2010.csproj", "{B3FC3E21-5F2D-4581-AEA2-59F671CFFC21}"
EndProject
Project("{FAE04EC0-301F-11D3-BF4B-00C04F79EFBC}") = "AvalonDock.Themes.Aero", "avalondock-96190\Version2.0\AvalonDock\AvalonDock.Themes.Aero\AvalonDock.Themes.Aero.csproj", "{BA72CCE0-A9FB-4995-B496-7FEC5C87B85B}"
EndProject
Project("{2150E333-8FDC-42A3-9474-1A3956D46DE8}") = "ExternalLibraries", "ExternalLibraries", "{979C1881-ED1F-4DE4-BFD5-62F914003032}"
EndProject
Global
	GlobalSection(SolutionConfigurationPlatforms) = preSolution
		Debug|Any CPU = Debug|Any CPU
		Debug|Mixed Platforms = Debug|Mixed Platforms
		Debug|Win32 = Debug|Win32
		Debug|x64 = Debug|x64
		Debug|x86 = Debug|x86
		Part1|Any CPU = Part1|Any CPU
		Part1|Mixed Platforms = Part1|Mixed Platforms
		Part1|Win32 = Part1|Win32
		Part1|x64 = Part1|x64
		Part1|x86 = Part1|x86
		Release 2.0|Any CPU = Release 2.0|Any CPU
		Release 2.0|Mixed Platforms = Release 2.0|Mixed Platforms
		Release 2.0|Win32 = Release 2.0|Win32
		Release 2.0|x64 = Release 2.0|x64
		Release 2.0|x86 = Release 2.0|x86
		Release|Any CPU = Release|Any CPU
		Release|Mixed Platforms = Release|Mixed Platforms
		Release|Win32 = Release|Win32
		Release|x64 = Release|x64
		Release|x86 = Release|x86
	EndGlobalSection
	GlobalSection(ProjectConfigurationPlatforms) = postSolution
		{65F4F53B-DD6D-497C-9FD0-C9B2F48AB74C}.Debug|Any CPU.ActiveCfg = Debug|Any CPU
		{65F4F53B-DD6D-497C-9FD0-C9B2F48AB74C}.Debug|Any CPU.Build.0 = Debug|Any CPU
		{65F4F53B-DD6D-497C-9FD0-C9B2F48AB74C}.Debug|Mixed Platforms.ActiveCfg = Debug|Any CPU
		{65F4F53B-DD6D-497C-9FD0-C9B2F48AB74C}.Debug|Mixed Platforms.Build.0 = Debug|Any CPU
		{65F4F53B-DD6D-497C-9FD0-C9B2F48AB74C}.Debug|Win32.ActiveCfg = Debug|Any CPU
		{65F4F53B-DD6D-497C-9FD0-C9B2F48AB74C}.Debug|x64.ActiveCfg = Debug|Any CPU
		{65F4F53B-DD6D-497C-9FD0-C9B2F48AB74C}.Debug|x86.ActiveCfg = Debug|Any CPU
		{65F4F53B-DD6D-497C-9FD0-C9B2F48AB74C}.Part1|Any CPU.ActiveCfg = Release|Any CPU
		{65F4F53B-DD6D-497C-9FD0-C9B2F48AB74C}.Part1|Any CPU.Build.0 = Release|Any CPU
		{65F4F53B-DD6D-497C-9FD0-C9B2F48AB74C}.Part1|Mixed Platforms.ActiveCfg = Release|Any CPU
		{65F4F53B-DD6D-497C-9FD0-C9B2F48AB74C}.Part1|Mixed Platforms.Build.0 = Release|Any CPU
		{65F4F53B-DD6D-497C-9FD0-C9B2F48AB74C}.Part1|Win32.ActiveCfg = Release|Any CPU
		{65F4F53B-DD6D-497C-9FD0-C9B2F48AB74C}.Part1|x64.ActiveCfg = Release|Any CPU
		{65F4F53B-DD6D-497C-9FD0-C9B2F48AB74C}.Part1|x86.ActiveCfg = Release|Any CPU
		{65F4F53B-DD6D-497C-9FD0-C9B2F48AB74C}.Release 2.0|Any CPU.ActiveCfg = Release|Any CPU
		{65F4F53B-DD6D-497C-9FD0-C9B2F48AB74C}.Release 2.0|Any CPU.Build.0 = Release|Any CPU
		{65F4F53B-DD6D-497C-9FD0-C9B2F48AB74C}.Release 2.0|Mixed Platforms.ActiveCfg = Release|Any CPU
		{65F4F53B-DD6D-497C-9FD0-C9B2F48AB74C}.Release 2.0|Mixed Platforms.Build.0 = Release|Any CPU
		{65F4F53B-DD6D-497C-9FD0-C9B2F48AB74C}.Release 2.0|Win32.ActiveCfg = Release|Any CPU
		{65F4F53B-DD6D-497C-9FD0-C9B2F48AB74C}.Release 2.0|x64.ActiveCfg = Release|Any CPU
		{65F4F53B-DD6D-497C-9FD0-C9B2F48AB74C}.Release 2.0|x86.ActiveCfg = Release|Any CPU
		{65F4F53B-DD6D-497C-9FD0-C9B2F48AB74C}.Release|Any CPU.ActiveCfg = Release|Any CPU
		{65F4F53B-DD6D-497C-9FD0-C9B2F48AB74C}.Release|Any CPU.Build.0 = Release|Any CPU
		{65F4F53B-DD6D-497C-9FD0-C9B2F48AB74C}.Release|Mixed Platforms.ActiveCfg = Release|Any CPU
		{65F4F53B-DD6D-497C-9FD0-C9B2F48AB74C}.Release|Mixed Platforms.Build.0 = Release|Any CPU
		{65F4F53B-DD6D-497C-9FD0-C9B2F48AB74C}.Release|Win32.ActiveCfg = Release|Any CPU
		{65F4F53B-DD6D-497C-9FD0-C9B2F48AB74C}.Release|x64.ActiveCfg = Release|Any CPU
		{65F4F53B-DD6D-497C-9FD0-C9B2F48AB74C}.Release|x86.ActiveCfg = Release|Any CPU
		{E3C136FB-FB5C-4B65-81ED-697157F46CC1}.Debug|Any CPU.ActiveCfg = Debug|Any CPU
		{E3C136FB-FB5C-4B65-81ED-697157F46CC1}.Debug|Any CPU.Build.0 = Debug|Any CPU
		{E3C136FB-FB5C-4B65-81ED-697157F46CC1}.Debug|Mixed Platforms.ActiveCfg = Debug|Any CPU
		{E3C136FB-FB5C-4B65-81ED-697157F46CC1}.Debug|Mixed Platforms.Build.0 = Debug|Any CPU
		{E3C136FB-FB5C-4B65-81ED-697157F46CC1}.Debug|Win32.ActiveCfg = Debug|Any CPU
		{E3C136FB-FB5C-4B65-81ED-697157F46CC1}.Debug|x64.ActiveCfg = Debug|Any CPU
		{E3C136FB-FB5C-4B65-81ED-697157F46CC1}.Debug|x86.ActiveCfg = Debug|Any CPU
		{E3C136FB-FB5C-4B65-81ED-697157F46CC1}.Part1|Any CPU.ActiveCfg = Release|Any CPU
		{E3C136FB-FB5C-4B65-81ED-697157F46CC1}.Part1|Any CPU.Build.0 = Release|Any CPU
		{E3C136FB-FB5C-4B65-81ED-697157F46CC1}.Part1|Mixed Platforms.ActiveCfg = Release|Any CPU
		{E3C136FB-FB5C-4B65-81ED-697157F46CC1}.Part1|Mixed Platforms.Build.0 = Release|Any CPU
		{E3C136FB-FB5C-4B65-81ED-697157F46CC1}.Part1|Win32.ActiveCfg = Release|Any CPU
		{E3C136FB-FB5C-4B65-81ED-697157F46CC1}.Part1|x64.ActiveCfg = Release|Any CPU
		{E3C136FB-FB5C-4B65-81ED-697157F46CC1}.Part1|x86.ActiveCfg = Release|Any CPU
		{E3C136FB-FB5C-4B65-81ED-697157F46CC1}.Release 2.0|Any CPU.ActiveCfg = Release|Any CPU
		{E3C136FB-FB5C-4B65-81ED-697157F46CC1}.Release 2.0|Any CPU.Build.0 = Release|Any CPU
		{E3C136FB-FB5C-4B65-81ED-697157F46CC1}.Release 2.0|Mixed Platforms.ActiveCfg = Release|Any CPU
		{E3C136FB-FB5C-4B65-81ED-697157F46CC1}.Release 2.0|Mixed Platforms.Build.0 = Release|Any CPU
		{E3C136FB-FB5C-4B65-81ED-697157F46CC1}.Release 2.0|Win32.ActiveCfg = Release|Any CPU
		{E3C136FB-FB5C-4B65-81ED-697157F46CC1}.Release 2.0|x64.ActiveCfg = Release|Any CPU
		{E3C136FB-FB5C-4B65-81ED-697157F46CC1}.Release 2.0|x86.ActiveCfg = Release|Any CPU
		{E3C136FB-FB5C-4B65-81ED-697157F46CC1}.Release|Any CPU.ActiveCfg = Release|Any CPU
		{E3C136FB-FB5C-4B65-81ED-697157F46CC1}.Release|Any CPU.Build.0 = Release|Any CPU
		{E3C136FB-FB5C-4B65-81ED-697157F46CC1}.Release|Mixed Platforms.ActiveCfg = Release|Any CPU
		{E3C136FB-FB5C-4B65-81ED-697157F46CC1}.Release|Mixed Platforms.Build.0 = Release|Any CPU
		{E3C136FB-FB5C-4B65-81ED-697157F46CC1}.Release|Win32.ActiveCfg = Release|Any CPU
		{E3C136FB-FB5C-4B65-81ED-697157F46CC1}.Release|x64.ActiveCfg = Release|Any CPU
		{E3C136FB-FB5C-4B65-81ED-697157F46CC1}.Release|x86.ActiveCfg = Release|Any CPU
		{BF268AE6-1FC3-4A1B-A6D8-CCAD0BAB4833}.Debug|Any CPU.ActiveCfg = Debug|Any CPU
		{BF268AE6-1FC3-4A1B-A6D8-CCAD0BAB4833}.Debug|Any CPU.Build.0 = Debug|Any CPU
		{BF268AE6-1FC3-4A1B-A6D8-CCAD0BAB4833}.Debug|Mixed Platforms.ActiveCfg = Debug|Any CPU
		{BF268AE6-1FC3-4A1B-A6D8-CCAD0BAB4833}.Debug|Mixed Platforms.Build.0 = Debug|Any CPU
		{BF268AE6-1FC3-4A1B-A6D8-CCAD0BAB4833}.Debug|Win32.ActiveCfg = Debug|Any CPU
		{BF268AE6-1FC3-4A1B-A6D8-CCAD0BAB4833}.Debug|x64.ActiveCfg = Debug|Any CPU
		{BF268AE6-1FC3-4A1B-A6D8-CCAD0BAB4833}.Debug|x86.ActiveCfg = Debug|Any CPU
		{BF268AE6-1FC3-4A1B-A6D8-CCAD0BAB4833}.Part1|Any CPU.ActiveCfg = Release|Any CPU
		{BF268AE6-1FC3-4A1B-A6D8-CCAD0BAB4833}.Part1|Any CPU.Build.0 = Release|Any CPU
		{BF268AE6-1FC3-4A1B-A6D8-CCAD0BAB4833}.Part1|Mixed Platforms.ActiveCfg = Release|Any CPU
		{BF268AE6-1FC3-4A1B-A6D8-CCAD0BAB4833}.Part1|Mixed Platforms.Build.0 = Release|Any CPU
		{BF268AE6-1FC3-4A1B-A6D8-CCAD0BAB4833}.Part1|Win32.ActiveCfg = Release|Any CPU
		{BF268AE6-1FC3-4A1B-A6D8-CCAD0BAB4833}.Part1|x64.ActiveCfg = Release|Any CPU
		{BF268AE6-1FC3-4A1B-A6D8-CCAD0BAB4833}.Part1|x86.ActiveCfg = Release|Any CPU
		{BF268AE6-1FC3-4A1B-A6D8-CCAD0BAB4833}.Release 2.0|Any CPU.ActiveCfg = Release|Any CPU
		{BF268AE6-1FC3-4A1B-A6D8-CCAD0BAB4833}.Release 2.0|Any CPU.Build.0 = Release|Any CPU
		{BF268AE6-1FC3-4A1B-A6D8-CCAD0BAB4833}.Release 2.0|Mixed Platforms.ActiveCfg = Release|Any CPU
		{BF268AE6-1FC3-4A1B-A6D8-CCAD0BAB4833}.Release 2.0|Mixed Platforms.Build.0 = Release|Any CPU
		{BF268AE6-1FC3-4A1B-A6D8-CCAD0BAB4833}.Release 2.0|Win32.ActiveCfg = Release|Any CPU
		{BF268AE6-1FC3-4A1B-A6D8-CCAD0BAB4833}.Release 2.0|x64.ActiveCfg = Release|Any CPU
		{BF268AE6-1FC3-4A1B-A6D8-CCAD0BAB4833}.Release 2.0|x86.ActiveCfg = Release|Any CPU
		{BF268AE6-1FC3-4A1B-A6D8-CCAD0BAB4833}.Release|Any CPU.ActiveCfg = Release|Any CPU
		{BF268AE6-1FC3-4A1B-A6D8-CCAD0BAB4833}.Release|Any CPU.Build.0 = Release|Any CPU
		{BF268AE6-1FC3-4A1B-A6D8-CCAD0BAB4833}.Release|Mixed Platforms.ActiveCfg = Release|Any CPU
		{BF268AE6-1FC3-4A1B-A6D8-CCAD0BAB4833}.Release|Mixed Platforms.Build.0 = Release|Any CPU
		{BF268AE6-1FC3-4A1B-A6D8-CCAD0BAB4833}.Release|Win32.ActiveCfg = Release|Any CPU
		{BF268AE6-1FC3-4A1B-A6D8-CCAD0BAB4833}.Release|x64.ActiveCfg = Release|Any CPU
		{BF268AE6-1FC3-4A1B-A6D8-CCAD0BAB4833}.Release|x86.ActiveCfg = Release|Any CPU
		{51793A49-891E-469D-A216-331D7AA7B480}.Debug|Any CPU.ActiveCfg = Debug|Any CPU
		{51793A49-891E-469D-A216-331D7AA7B480}.Debug|Any CPU.Build.0 = Debug|Any CPU
		{51793A49-891E-469D-A216-331D7AA7B480}.Debug|Mixed Platforms.ActiveCfg = Debug|Any CPU
		{51793A49-891E-469D-A216-331D7AA7B480}.Debug|Mixed Platforms.Build.0 = Debug|Any CPU
		{51793A49-891E-469D-A216-331D7AA7B480}.Debug|Win32.ActiveCfg = Debug|Any CPU
		{51793A49-891E-469D-A216-331D7AA7B480}.Debug|x64.ActiveCfg = Debug|Any CPU
		{51793A49-891E-469D-A216-331D7AA7B480}.Debug|x86.ActiveCfg = Debug|Any CPU
		{51793A49-891E-469D-A216-331D7AA7B480}.Part1|Any CPU.ActiveCfg = Release|Any CPU
		{51793A49-891E-469D-A216-331D7AA7B480}.Part1|Any CPU.Build.0 = Release|Any CPU
		{51793A49-891E-469D-A216-331D7AA7B480}.Part1|Mixed Platforms.ActiveCfg = Release|Any CPU
		{51793A49-891E-469D-A216-331D7AA7B480}.Part1|Mixed Platforms.Build.0 = Release|Any CPU
		{51793A49-891E-469D-A216-331D7AA7B480}.Part1|Win32.ActiveCfg = Release|Any CPU
		{51793A49-891E-469D-A216-331D7AA7B480}.Part1|x64.ActiveCfg = Release|Any CPU
		{51793A49-891E-469D-A216-331D7AA7B480}.Part1|x86.ActiveCfg = Release|Any CPU
		{51793A49-891E-469D-A216-331D7AA7B480}.Release 2.0|Any CPU.ActiveCfg = Release|Any CPU
		{51793A49-891E-469D-A216-331D7AA7B480}.Release 2.0|Any CPU.Build.0 = Release|Any CPU
		{51793A49-891E-469D-A216-331D7AA7B480}.Release 2.0|Mixed Platforms.ActiveCfg = Release|Any CPU
		{51793A49-891E-469D-A216-331D7AA7B480}.Release 2.0|Mixed Platforms.Build.0 = Release|Any CPU
		{51793A49-891E-469D-A216-331D7AA7B480}.Release 2.0|Win32.ActiveCfg = Release|Any CPU
		{51793A49-891E-469D-A216-331D7AA7B480}.Release 2.0|x64.ActiveCfg = Release|Any CPU
		{51793A49-891E-469D-A216-331D7AA7B480}.Release 2.0|x86.ActiveCfg = Release|Any CPU
		{51793A49-891E-469D-A216-331D7AA7B480}.Release|Any CPU.ActiveCfg = Release|Any CPU
		{51793A49-891E-469D-A216-331D7AA7B480}.Release|Any CPU.Build.0 = Release|Any CPU
		{51793A49-891E-469D-A216-331D7AA7B480}.Release|Mixed Platforms.ActiveCfg = Release|Any CPU
		{51793A49-891E-469D-A216-331D7AA7B480}.Release|Mixed Platforms.Build.0 = Release|Any CPU
		{51793A49-891E-469D-A216-331D7AA7B480}.Release|Win32.ActiveCfg = Release|Any CPU
		{51793A49-891E-469D-A216-331D7AA7B480}.Release|x64.ActiveCfg = Release|Any CPU
		{51793A49-891E-469D-A216-331D7AA7B480}.Release|x86.ActiveCfg = Release|Any CPU
		{09277896-FE20-4209-AA72-C4D09AA16FC9}.Debug|Any CPU.ActiveCfg = Debug|x86
		{09277896-FE20-4209-AA72-C4D09AA16FC9}.Debug|Mixed Platforms.ActiveCfg = Debug|x86
		{09277896-FE20-4209-AA72-C4D09AA16FC9}.Debug|Mixed Platforms.Build.0 = Debug|x86
		{09277896-FE20-4209-AA72-C4D09AA16FC9}.Debug|Win32.ActiveCfg = Debug|x86
		{09277896-FE20-4209-AA72-C4D09AA16FC9}.Debug|x64.ActiveCfg = Debug|x86
		{09277896-FE20-4209-AA72-C4D09AA16FC9}.Debug|x86.ActiveCfg = Debug|x86
		{09277896-FE20-4209-AA72-C4D09AA16FC9}.Debug|x86.Build.0 = Debug|x86
		{09277896-FE20-4209-AA72-C4D09AA16FC9}.Part1|Any CPU.ActiveCfg = Release|x86
		{09277896-FE20-4209-AA72-C4D09AA16FC9}.Part1|Mixed Platforms.ActiveCfg = Release|x86
		{09277896-FE20-4209-AA72-C4D09AA16FC9}.Part1|Mixed Platforms.Build.0 = Release|x86
		{09277896-FE20-4209-AA72-C4D09AA16FC9}.Part1|Win32.ActiveCfg = Release|x86
		{09277896-FE20-4209-AA72-C4D09AA16FC9}.Part1|Win32.Build.0 = Release|x86
		{09277896-FE20-4209-AA72-C4D09AA16FC9}.Part1|x64.ActiveCfg = Release|x86
		{09277896-FE20-4209-AA72-C4D09AA16FC9}.Part1|x86.ActiveCfg = Release|x86
		{09277896-FE20-4209-AA72-C4D09AA16FC9}.Part1|x86.Build.0 = Release|x86
		{09277896-FE20-4209-AA72-C4D09AA16FC9}.Release 2.0|Any CPU.ActiveCfg = Release|x86
		{09277896-FE20-4209-AA72-C4D09AA16FC9}.Release 2.0|Mixed Platforms.ActiveCfg = Release|x86
		{09277896-FE20-4209-AA72-C4D09AA16FC9}.Release 2.0|Mixed Platforms.Build.0 = Release|x86
		{09277896-FE20-4209-AA72-C4D09AA16FC9}.Release 2.0|Win32.ActiveCfg = Release|x86
		{09277896-FE20-4209-AA72-C4D09AA16FC9}.Release 2.0|x64.ActiveCfg = Release|x86
		{09277896-FE20-4209-AA72-C4D09AA16FC9}.Release 2.0|x86.ActiveCfg = Release|x86
		{09277896-FE20-4209-AA72-C4D09AA16FC9}.Release 2.0|x86.Build.0 = Release|x86
		{09277896-FE20-4209-AA72-C4D09AA16FC9}.Release|Any CPU.ActiveCfg = Release|x86
		{09277896-FE20-4209-AA72-C4D09AA16FC9}.Release|Mixed Platforms.ActiveCfg = Release|x86
		{09277896-FE20-4209-AA72-C4D09AA16FC9}.Release|Mixed Platforms.Build.0 = Release|x86
		{09277896-FE20-4209-AA72-C4D09AA16FC9}.Release|Win32.ActiveCfg = Release|x86
		{09277896-FE20-4209-AA72-C4D09AA16FC9}.Release|x64.ActiveCfg = Release|x86
		{09277896-FE20-4209-AA72-C4D09AA16FC9}.Release|x86.ActiveCfg = Release|x86
		{09277896-FE20-4209-AA72-C4D09AA16FC9}.Release|x86.Build.0 = Release|x86
		{4FC1D5F4-661F-48DC-B397-4CDCB7D61ABE}.Debug|Any CPU.ActiveCfg = Debug|Any CPU
		{4FC1D5F4-661F-48DC-B397-4CDCB7D61ABE}.Debug|Any CPU.Build.0 = Debug|Any CPU
		{4FC1D5F4-661F-48DC-B397-4CDCB7D61ABE}.Debug|Mixed Platforms.ActiveCfg = Debug|Any CPU
		{4FC1D5F4-661F-48DC-B397-4CDCB7D61ABE}.Debug|Mixed Platforms.Build.0 = Debug|Any CPU
		{4FC1D5F4-661F-48DC-B397-4CDCB7D61ABE}.Debug|Win32.ActiveCfg = Debug|Any CPU
		{4FC1D5F4-661F-48DC-B397-4CDCB7D61ABE}.Debug|x64.ActiveCfg = Debug|Any CPU
		{4FC1D5F4-661F-48DC-B397-4CDCB7D61ABE}.Debug|x86.ActiveCfg = Debug|Any CPU
		{4FC1D5F4-661F-48DC-B397-4CDCB7D61ABE}.Part1|Any CPU.ActiveCfg = Release|Any CPU
		{4FC1D5F4-661F-48DC-B397-4CDCB7D61ABE}.Part1|Any CPU.Build.0 = Release|Any CPU
		{4FC1D5F4-661F-48DC-B397-4CDCB7D61ABE}.Part1|Mixed Platforms.ActiveCfg = Release|Any CPU
		{4FC1D5F4-661F-48DC-B397-4CDCB7D61ABE}.Part1|Mixed Platforms.Build.0 = Release|Any CPU
		{4FC1D5F4-661F-48DC-B397-4CDCB7D61ABE}.Part1|Win32.ActiveCfg = Release|Any CPU
		{4FC1D5F4-661F-48DC-B397-4CDCB7D61ABE}.Part1|x64.ActiveCfg = Release|Any CPU
		{4FC1D5F4-661F-48DC-B397-4CDCB7D61ABE}.Part1|x86.ActiveCfg = Release|Any CPU
		{4FC1D5F4-661F-48DC-B397-4CDCB7D61ABE}.Release 2.0|Any CPU.ActiveCfg = Release 2.0|Any CPU
		{4FC1D5F4-661F-48DC-B397-4CDCB7D61ABE}.Release 2.0|Any CPU.Build.0 = Release 2.0|Any CPU
		{4FC1D5F4-661F-48DC-B397-4CDCB7D61ABE}.Release 2.0|Mixed Platforms.ActiveCfg = Release 2.0|Any CPU
		{4FC1D5F4-661F-48DC-B397-4CDCB7D61ABE}.Release 2.0|Mixed Platforms.Build.0 = Release 2.0|Any CPU
		{4FC1D5F4-661F-48DC-B397-4CDCB7D61ABE}.Release 2.0|Win32.ActiveCfg = Release 2.0|Any CPU
		{4FC1D5F4-661F-48DC-B397-4CDCB7D61ABE}.Release 2.0|x64.ActiveCfg = Release 2.0|Any CPU
		{4FC1D5F4-661F-48DC-B397-4CDCB7D61ABE}.Release 2.0|x86.ActiveCfg = Release 2.0|Any CPU
		{4FC1D5F4-661F-48DC-B397-4CDCB7D61ABE}.Release|Any CPU.ActiveCfg = Release|Any CPU
		{4FC1D5F4-661F-48DC-B397-4CDCB7D61ABE}.Release|Any CPU.Build.0 = Release|Any CPU
		{4FC1D5F4-661F-48DC-B397-4CDCB7D61ABE}.Release|Mixed Platforms.ActiveCfg = Release|Any CPU
		{4FC1D5F4-661F-48DC-B397-4CDCB7D61ABE}.Release|Mixed Platforms.Build.0 = Release|Any CPU
		{4FC1D5F4-661F-48DC-B397-4CDCB7D61ABE}.Release|Win32.ActiveCfg = Release|Any CPU
		{4FC1D5F4-661F-48DC-B397-4CDCB7D61ABE}.Release|x64.ActiveCfg = Release|Any CPU
		{4FC1D5F4-661F-48DC-B397-4CDCB7D61ABE}.Release|x86.ActiveCfg = Release|Any CPU
		{2F25DC15-7C8B-4C57-8C31-E33DEE517E7B}.Debug|Any CPU.ActiveCfg = Debug|Any CPU
		{2F25DC15-7C8B-4C57-8C31-E33DEE517E7B}.Debug|Any CPU.Build.0 = Debug|Any CPU
		{2F25DC15-7C8B-4C57-8C31-E33DEE517E7B}.Debug|Mixed Platforms.ActiveCfg = Debug|Any CPU
		{2F25DC15-7C8B-4C57-8C31-E33DEE517E7B}.Debug|Mixed Platforms.Build.0 = Debug|Any CPU
		{2F25DC15-7C8B-4C57-8C31-E33DEE517E7B}.Debug|Win32.ActiveCfg = Debug|Any CPU
		{2F25DC15-7C8B-4C57-8C31-E33DEE517E7B}.Debug|x64.ActiveCfg = Debug|Any CPU
		{2F25DC15-7C8B-4C57-8C31-E33DEE517E7B}.Debug|x86.ActiveCfg = Debug|Any CPU
		{2F25DC15-7C8B-4C57-8C31-E33DEE517E7B}.Part1|Any CPU.ActiveCfg = Release|Any CPU
		{2F25DC15-7C8B-4C57-8C31-E33DEE517E7B}.Part1|Any CPU.Build.0 = Release|Any CPU
		{2F25DC15-7C8B-4C57-8C31-E33DEE517E7B}.Part1|Mixed Platforms.ActiveCfg = Release|Any CPU
		{2F25DC15-7C8B-4C57-8C31-E33DEE517E7B}.Part1|Mixed Platforms.Build.0 = Release|Any CPU
		{2F25DC15-7C8B-4C57-8C31-E33DEE517E7B}.Part1|Win32.ActiveCfg = Release|Any CPU
		{2F25DC15-7C8B-4C57-8C31-E33DEE517E7B}.Part1|x64.ActiveCfg = Release|Any CPU
		{2F25DC15-7C8B-4C57-8C31-E33DEE517E7B}.Part1|x86.ActiveCfg = Release|Any CPU
		{2F25DC15-7C8B-4C57-8C31-E33DEE517E7B}.Release 2.0|Any CPU.ActiveCfg = Release|Any CPU
		{2F25DC15-7C8B-4C57-8C31-E33DEE517E7B}.Release 2.0|Any CPU.Build.0 = Release|Any CPU
		{2F25DC15-7C8B-4C57-8C31-E33DEE517E7B}.Release 2.0|Mixed Platforms.ActiveCfg = Release|Any CPU
		{2F25DC15-7C8B-4C57-8C31-E33DEE517E7B}.Release 2.0|Mixed Platforms.Build.0 = Release|Any CPU
		{2F25DC15-7C8B-4C57-8C31-E33DEE517E7B}.Release 2.0|Win32.ActiveCfg = Release|Any CPU
		{2F25DC15-7C8B-4C57-8C31-E33DEE517E7B}.Release 2.0|x64.ActiveCfg = Release|Any CPU
		{2F25DC15-7C8B-4C57-8C31-E33DEE517E7B}.Release 2.0|x86.ActiveCfg = Release|Any CPU
		{2F25DC15-7C8B-4C57-8C31-E33DEE517E7B}.Release|Any CPU.ActiveCfg = Release|Any CPU
		{2F25DC15-7C8B-4C57-8C31-E33DEE517E7B}.Release|Any CPU.Build.0 = Release|Any CPU
		{2F25DC15-7C8B-4C57-8C31-E33DEE517E7B}.Release|Mixed Platforms.ActiveCfg = Release|Any CPU
		{2F25DC15-7C8B-4C57-8C31-E33DEE517E7B}.Release|Mixed Platforms.Build.0 = Release|Any CPU
		{2F25DC15-7C8B-4C57-8C31-E33DEE517E7B}.Release|Win32.ActiveCfg = Release|Any CPU
		{2F25DC15-7C8B-4C57-8C31-E33DEE517E7B}.Release|x64.ActiveCfg = Release|Any CPU
		{2F25DC15-7C8B-4C57-8C31-E33DEE517E7B}.Release|x86.ActiveCfg = Release|Any CPU
		{1CCA9E34-6C15-40F8-9B7C-CEF9D174445B}.Debug|Any CPU.ActiveCfg = Debug|Any CPU
		{1CCA9E34-6C15-40F8-9B7C-CEF9D174445B}.Debug|Any CPU.Build.0 = Debug|Any CPU
		{1CCA9E34-6C15-40F8-9B7C-CEF9D174445B}.Debug|Mixed Platforms.ActiveCfg = Debug|Any CPU
		{1CCA9E34-6C15-40F8-9B7C-CEF9D174445B}.Debug|Mixed Platforms.Build.0 = Debug|Any CPU
		{1CCA9E34-6C15-40F8-9B7C-CEF9D174445B}.Debug|Win32.ActiveCfg = Debug|Any CPU
		{1CCA9E34-6C15-40F8-9B7C-CEF9D174445B}.Debug|x64.ActiveCfg = Debug|Any CPU
		{1CCA9E34-6C15-40F8-9B7C-CEF9D174445B}.Debug|x86.ActiveCfg = Debug|Any CPU
		{1CCA9E34-6C15-40F8-9B7C-CEF9D174445B}.Part1|Any CPU.ActiveCfg = Release|Any CPU
		{1CCA9E34-6C15-40F8-9B7C-CEF9D174445B}.Part1|Any CPU.Build.0 = Release|Any CPU
		{1CCA9E34-6C15-40F8-9B7C-CEF9D174445B}.Part1|Mixed Platforms.ActiveCfg = Release|Any CPU
		{1CCA9E34-6C15-40F8-9B7C-CEF9D174445B}.Part1|Mixed Platforms.Build.0 = Release|Any CPU
		{1CCA9E34-6C15-40F8-9B7C-CEF9D174445B}.Part1|Win32.ActiveCfg = Release|Any CPU
		{1CCA9E34-6C15-40F8-9B7C-CEF9D174445B}.Part1|x64.ActiveCfg = Release|Any CPU
		{1CCA9E34-6C15-40F8-9B7C-CEF9D174445B}.Part1|x86.ActiveCfg = Release|Any CPU
		{1CCA9E34-6C15-40F8-9B7C-CEF9D174445B}.Release 2.0|Any CPU.ActiveCfg = Release|Any CPU
		{1CCA9E34-6C15-40F8-9B7C-CEF9D174445B}.Release 2.0|Any CPU.Build.0 = Release|Any CPU
		{1CCA9E34-6C15-40F8-9B7C-CEF9D174445B}.Release 2.0|Mixed Platforms.ActiveCfg = Release|Any CPU
		{1CCA9E34-6C15-40F8-9B7C-CEF9D174445B}.Release 2.0|Mixed Platforms.Build.0 = Release|Any CPU
		{1CCA9E34-6C15-40F8-9B7C-CEF9D174445B}.Release 2.0|Win32.ActiveCfg = Release|Any CPU
		{1CCA9E34-6C15-40F8-9B7C-CEF9D174445B}.Release 2.0|x64.ActiveCfg = Release|Any CPU
		{1CCA9E34-6C15-40F8-9B7C-CEF9D174445B}.Release 2.0|x86.ActiveCfg = Release|Any CPU
		{1CCA9E34-6C15-40F8-9B7C-CEF9D174445B}.Release|Any CPU.ActiveCfg = Release|Any CPU
		{1CCA9E34-6C15-40F8-9B7C-CEF9D174445B}.Release|Any CPU.Build.0 = Release|Any CPU
		{1CCA9E34-6C15-40F8-9B7C-CEF9D174445B}.Release|Mixed Platforms.ActiveCfg = Release|Any CPU
		{1CCA9E34-6C15-40F8-9B7C-CEF9D174445B}.Release|Mixed Platforms.Build.0 = Release|Any CPU
		{1CCA9E34-6C15-40F8-9B7C-CEF9D174445B}.Release|Win32.ActiveCfg = Release|Any CPU
		{1CCA9E34-6C15-40F8-9B7C-CEF9D174445B}.Release|x64.ActiveCfg = Release|Any CPU
		{1CCA9E34-6C15-40F8-9B7C-CEF9D174445B}.Release|x86.ActiveCfg = Release|Any CPU
		{72E591D6-8F83-4D8C-8F67-9C325E623234}.Debug|Any CPU.ActiveCfg = Debug|Any CPU
		{72E591D6-8F83-4D8C-8F67-9C325E623234}.Debug|Any CPU.Build.0 = Debug|Any CPU
		{72E591D6-8F83-4D8C-8F67-9C325E623234}.Debug|Mixed Platforms.ActiveCfg = Debug|Any CPU
		{72E591D6-8F83-4D8C-8F67-9C325E623234}.Debug|Mixed Platforms.Build.0 = Debug|Any CPU
		{72E591D6-8F83-4D8C-8F67-9C325E623234}.Debug|Win32.ActiveCfg = Debug|Any CPU
		{72E591D6-8F83-4D8C-8F67-9C325E623234}.Debug|x64.ActiveCfg = Debug|Any CPU
		{72E591D6-8F83-4D8C-8F67-9C325E623234}.Debug|x86.ActiveCfg = Debug|Any CPU
		{72E591D6-8F83-4D8C-8F67-9C325E623234}.Part1|Any CPU.ActiveCfg = Release|Any CPU
		{72E591D6-8F83-4D8C-8F67-9C325E623234}.Part1|Any CPU.Build.0 = Release|Any CPU
		{72E591D6-8F83-4D8C-8F67-9C325E623234}.Part1|Mixed Platforms.ActiveCfg = Release|Any CPU
		{72E591D6-8F83-4D8C-8F67-9C325E623234}.Part1|Mixed Platforms.Build.0 = Release|Any CPU
		{72E591D6-8F83-4D8C-8F67-9C325E623234}.Part1|Win32.ActiveCfg = Release|Any CPU
		{72E591D6-8F83-4D8C-8F67-9C325E623234}.Part1|x64.ActiveCfg = Release|Any CPU
		{72E591D6-8F83-4D8C-8F67-9C325E623234}.Part1|x86.ActiveCfg = Release|Any CPU
		{72E591D6-8F83-4D8C-8F67-9C325E623234}.Release 2.0|Any CPU.ActiveCfg = Release|Any CPU
		{72E591D6-8F83-4D8C-8F67-9C325E623234}.Release 2.0|Any CPU.Build.0 = Release|Any CPU
		{72E591D6-8F83-4D8C-8F67-9C325E623234}.Release 2.0|Mixed Platforms.ActiveCfg = Release|Any CPU
		{72E591D6-8F83-4D8C-8F67-9C325E623234}.Release 2.0|Mixed Platforms.Build.0 = Release|Any CPU
		{72E591D6-8F83-4D8C-8F67-9C325E623234}.Release 2.0|Win32.ActiveCfg = Release|Any CPU
		{72E591D6-8F83-4D8C-8F67-9C325E623234}.Release 2.0|x64.ActiveCfg = Release|Any CPU
		{72E591D6-8F83-4D8C-8F67-9C325E623234}.Release 2.0|x86.ActiveCfg = Release|Any CPU
		{72E591D6-8F83-4D8C-8F67-9C325E623234}.Release|Any CPU.ActiveCfg = Release|Any CPU
		{72E591D6-8F83-4D8C-8F67-9C325E623234}.Release|Any CPU.Build.0 = Release|Any CPU
		{72E591D6-8F83-4D8C-8F67-9C325E623234}.Release|Mixed Platforms.ActiveCfg = Release|Any CPU
		{72E591D6-8F83-4D8C-8F67-9C325E623234}.Release|Mixed Platforms.Build.0 = Release|Any CPU
		{72E591D6-8F83-4D8C-8F67-9C325E623234}.Release|Win32.ActiveCfg = Release|Any CPU
		{72E591D6-8F83-4D8C-8F67-9C325E623234}.Release|x64.ActiveCfg = Release|Any CPU
		{72E591D6-8F83-4D8C-8F67-9C325E623234}.Release|x86.ActiveCfg = Release|Any CPU
		{DB81988F-E0F2-45A0-A1FD-8C37F3D35244}.Debug|Any CPU.ActiveCfg = Debug|Any CPU
		{DB81988F-E0F2-45A0-A1FD-8C37F3D35244}.Debug|Any CPU.Build.0 = Debug|Any CPU
		{DB81988F-E0F2-45A0-A1FD-8C37F3D35244}.Debug|Mixed Platforms.ActiveCfg = Debug|Any CPU
		{DB81988F-E0F2-45A0-A1FD-8C37F3D35244}.Debug|Mixed Platforms.Build.0 = Debug|Any CPU
		{DB81988F-E0F2-45A0-A1FD-8C37F3D35244}.Debug|Win32.ActiveCfg = Debug|Any CPU
		{DB81988F-E0F2-45A0-A1FD-8C37F3D35244}.Debug|x64.ActiveCfg = Debug|Any CPU
		{DB81988F-E0F2-45A0-A1FD-8C37F3D35244}.Debug|x86.ActiveCfg = Debug|Any CPU
		{DB81988F-E0F2-45A0-A1FD-8C37F3D35244}.Part1|Any CPU.ActiveCfg = Release|Any CPU
		{DB81988F-E0F2-45A0-A1FD-8C37F3D35244}.Part1|Any CPU.Build.0 = Release|Any CPU
		{DB81988F-E0F2-45A0-A1FD-8C37F3D35244}.Part1|Mixed Platforms.ActiveCfg = Release|Any CPU
		{DB81988F-E0F2-45A0-A1FD-8C37F3D35244}.Part1|Mixed Platforms.Build.0 = Release|Any CPU
		{DB81988F-E0F2-45A0-A1FD-8C37F3D35244}.Part1|Win32.ActiveCfg = Release|Any CPU
		{DB81988F-E0F2-45A0-A1FD-8C37F3D35244}.Part1|x64.ActiveCfg = Release|Any CPU
		{DB81988F-E0F2-45A0-A1FD-8C37F3D35244}.Part1|x86.ActiveCfg = Release|Any CPU
		{DB81988F-E0F2-45A0-A1FD-8C37F3D35244}.Release 2.0|Any CPU.ActiveCfg = Release|Any CPU
		{DB81988F-E0F2-45A0-A1FD-8C37F3D35244}.Release 2.0|Any CPU.Build.0 = Release|Any CPU
		{DB81988F-E0F2-45A0-A1FD-8C37F3D35244}.Release 2.0|Mixed Platforms.ActiveCfg = Release|Any CPU
		{DB81988F-E0F2-45A0-A1FD-8C37F3D35244}.Release 2.0|Mixed Platforms.Build.0 = Release|Any CPU
		{DB81988F-E0F2-45A0-A1FD-8C37F3D35244}.Release 2.0|Win32.ActiveCfg = Release|Any CPU
		{DB81988F-E0F2-45A0-A1FD-8C37F3D35244}.Release 2.0|x64.ActiveCfg = Release|Any CPU
		{DB81988F-E0F2-45A0-A1FD-8C37F3D35244}.Release 2.0|x86.ActiveCfg = Release|Any CPU
		{DB81988F-E0F2-45A0-A1FD-8C37F3D35244}.Release|Any CPU.ActiveCfg = Release|Any CPU
		{DB81988F-E0F2-45A0-A1FD-8C37F3D35244}.Release|Any CPU.Build.0 = Release|Any CPU
		{DB81988F-E0F2-45A0-A1FD-8C37F3D35244}.Release|Mixed Platforms.ActiveCfg = Release|Any CPU
		{DB81988F-E0F2-45A0-A1FD-8C37F3D35244}.Release|Mixed Platforms.Build.0 = Release|Any CPU
		{DB81988F-E0F2-45A0-A1FD-8C37F3D35244}.Release|Win32.ActiveCfg = Release|Any CPU
		{DB81988F-E0F2-45A0-A1FD-8C37F3D35244}.Release|x64.ActiveCfg = Release|Any CPU
		{DB81988F-E0F2-45A0-A1FD-8C37F3D35244}.Release|x86.ActiveCfg = Release|Any CPU
		{B3FC3E21-5F2D-4581-AEA2-59F671CFFC21}.Debug|Any CPU.ActiveCfg = Debug|Any CPU
		{B3FC3E21-5F2D-4581-AEA2-59F671CFFC21}.Debug|Any CPU.Build.0 = Debug|Any CPU
		{B3FC3E21-5F2D-4581-AEA2-59F671CFFC21}.Debug|Mixed Platforms.ActiveCfg = Debug|Any CPU
		{B3FC3E21-5F2D-4581-AEA2-59F671CFFC21}.Debug|Mixed Platforms.Build.0 = Debug|Any CPU
		{B3FC3E21-5F2D-4581-AEA2-59F671CFFC21}.Debug|Win32.ActiveCfg = Debug|Any CPU
		{B3FC3E21-5F2D-4581-AEA2-59F671CFFC21}.Debug|x64.ActiveCfg = Debug|Any CPU
		{B3FC3E21-5F2D-4581-AEA2-59F671CFFC21}.Debug|x86.ActiveCfg = Debug|Any CPU
		{B3FC3E21-5F2D-4581-AEA2-59F671CFFC21}.Part1|Any CPU.ActiveCfg = Release|Any CPU
		{B3FC3E21-5F2D-4581-AEA2-59F671CFFC21}.Part1|Any CPU.Build.0 = Release|Any CPU
		{B3FC3E21-5F2D-4581-AEA2-59F671CFFC21}.Part1|Mixed Platforms.ActiveCfg = Release|Any CPU
		{B3FC3E21-5F2D-4581-AEA2-59F671CFFC21}.Part1|Mixed Platforms.Build.0 = Release|Any CPU
		{B3FC3E21-5F2D-4581-AEA2-59F671CFFC21}.Part1|Win32.ActiveCfg = Release|Any CPU
		{B3FC3E21-5F2D-4581-AEA2-59F671CFFC21}.Part1|x64.ActiveCfg = Release|Any CPU
		{B3FC3E21-5F2D-4581-AEA2-59F671CFFC21}.Part1|x86.ActiveCfg = Release|Any CPU
		{B3FC3E21-5F2D-4581-AEA2-59F671CFFC21}.Release 2.0|Any CPU.ActiveCfg = Release|Any CPU
		{B3FC3E21-5F2D-4581-AEA2-59F671CFFC21}.Release 2.0|Any CPU.Build.0 = Release|Any CPU
		{B3FC3E21-5F2D-4581-AEA2-59F671CFFC21}.Release 2.0|Mixed Platforms.ActiveCfg = Release|Any CPU
		{B3FC3E21-5F2D-4581-AEA2-59F671CFFC21}.Release 2.0|Mixed Platforms.Build.0 = Release|Any CPU
		{B3FC3E21-5F2D-4581-AEA2-59F671CFFC21}.Release 2.0|Win32.ActiveCfg = Release|Any CPU
		{B3FC3E21-5F2D-4581-AEA2-59F671CFFC21}.Release 2.0|x64.ActiveCfg = Release|Any CPU
		{B3FC3E21-5F2D-4581-AEA2-59F671CFFC21}.Release 2.0|x86.ActiveCfg = Release|Any CPU
		{B3FC3E21-5F2D-4581-AEA2-59F671CFFC21}.Release|Any CPU.ActiveCfg = Release|Any CPU
		{B3FC3E21-5F2D-4581-AEA2-59F671CFFC21}.Release|Any CPU.Build.0 = Release|Any CPU
		{B3FC3E21-5F2D-4581-AEA2-59F671CFFC21}.Release|Mixed Platforms.ActiveCfg = Release|Any CPU
		{B3FC3E21-5F2D-4581-AEA2-59F671CFFC21}.Release|Mixed Platforms.Build.0 = Release|Any CPU
		{B3FC3E21-5F2D-4581-AEA2-59F671CFFC21}.Release|Win32.ActiveCfg = Release|Any CPU
		{B3FC3E21-5F2D-4581-AEA2-59F671CFFC21}.Release|x64.ActiveCfg = Release|Any CPU
		{B3FC3E21-5F2D-4581-AEA2-59F671CFFC21}.Release|x86.ActiveCfg = Release|Any CPU
		{BA72CCE0-A9FB-4995-B496-7FEC5C87B85B}.Debug|Any CPU.ActiveCfg = Debug|Any CPU
		{BA72CCE0-A9FB-4995-B496-7FEC5C87B85B}.Debug|Any CPU.Build.0 = Debug|Any CPU
		{BA72CCE0-A9FB-4995-B496-7FEC5C87B85B}.Debug|Mixed Platforms.ActiveCfg = Debug|Any CPU
		{BA72CCE0-A9FB-4995-B496-7FEC5C87B85B}.Debug|Mixed Platforms.Build.0 = Debug|Any CPU
		{BA72CCE0-A9FB-4995-B496-7FEC5C87B85B}.Debug|Win32.ActiveCfg = Debug|Any CPU
		{BA72CCE0-A9FB-4995-B496-7FEC5C87B85B}.Debug|x64.ActiveCfg = Debug|Any CPU
		{BA72CCE0-A9FB-4995-B496-7FEC5C87B85B}.Debug|x86.ActiveCfg = Debug|Any CPU
		{BA72CCE0-A9FB-4995-B496-7FEC5C87B85B}.Part1|Any CPU.ActiveCfg = Release|Any CPU
		{BA72CCE0-A9FB-4995-B496-7FEC5C87B85B}.Part1|Any CPU.Build.0 = Release|Any CPU
		{BA72CCE0-A9FB-4995-B496-7FEC5C87B85B}.Part1|Mixed Platforms.ActiveCfg = Release|Any CPU
		{BA72CCE0-A9FB-4995-B496-7FEC5C87B85B}.Part1|Mixed Platforms.Build.0 = Release|Any CPU
		{BA72CCE0-A9FB-4995-B496-7FEC5C87B85B}.Part1|Win32.ActiveCfg = Release|Any CPU
		{BA72CCE0-A9FB-4995-B496-7FEC5C87B85B}.Part1|x64.ActiveCfg = Release|Any CPU
		{BA72CCE0-A9FB-4995-B496-7FEC5C87B85B}.Part1|x86.ActiveCfg = Release|Any CPU
		{BA72CCE0-A9FB-4995-B496-7FEC5C87B85B}.Release 2.0|Any CPU.ActiveCfg = Release|Any CPU
		{BA72CCE0-A9FB-4995-B496-7FEC5C87B85B}.Release 2.0|Any CPU.Build.0 = Release|Any CPU
		{BA72CCE0-A9FB-4995-B496-7FEC5C87B85B}.Release 2.0|Mixed Platforms.ActiveCfg = Release|Any CPU
		{BA72CCE0-A9FB-4995-B496-7FEC5C87B85B}.Release 2.0|Mixed Platforms.Build.0 = Release|Any CPU
		{BA72CCE0-A9FB-4995-B496-7FEC5C87B85B}.Release 2.0|Win32.ActiveCfg = Release|Any CPU
		{BA72CCE0-A9FB-4995-B496-7FEC5C87B85B}.Release 2.0|x64.ActiveCfg = Release|Any CPU
		{BA72CCE0-A9FB-4995-B496-7FEC5C87B85B}.Release 2.0|x86.ActiveCfg = Release|Any CPU
		{BA72CCE0-A9FB-4995-B496-7FEC5C87B85B}.Release|Any CPU.ActiveCfg = Release|Any CPU
		{BA72CCE0-A9FB-4995-B496-7FEC5C87B85B}.Release|Any CPU.Build.0 = Release|Any CPU
		{BA72CCE0-A9FB-4995-B496-7FEC5C87B85B}.Release|Mixed Platforms.ActiveCfg = Release|Any CPU
		{BA72CCE0-A9FB-4995-B496-7FEC5C87B85B}.Release|Mixed Platforms.Build.0 = Release|Any CPU
		{BA72CCE0-A9FB-4995-B496-7FEC5C87B85B}.Release|Win32.ActiveCfg = Release|Any CPU
		{BA72CCE0-A9FB-4995-B496-7FEC5C87B85B}.Release|x64.ActiveCfg = Release|Any CPU
		{BA72CCE0-A9FB-4995-B496-7FEC5C87B85B}.Release|x86.ActiveCfg = Release|Any CPU
	EndGlobalSection
	GlobalSection(SolutionProperties) = preSolution
		HideSolutionNode = FALSE
	EndGlobalSection
	GlobalSection(NestedProjects) = preSolution
		{4FC1D5F4-661F-48DC-B397-4CDCB7D61ABE} = {979C1881-ED1F-4DE4-BFD5-62F914003032}
		{DB81988F-E0F2-45A0-A1FD-8C37F3D35244} = {46005040-1A98-4E75-85DA-AB492B2FBD5C}
		{72E591D6-8F83-4D8C-8F67-9C325E623234} = {46005040-1A98-4E75-85DA-AB492B2FBD5C}
		{B3FC3E21-5F2D-4581-AEA2-59F671CFFC21} = {46005040-1A98-4E75-85DA-AB492B2FBD5C}
		{BA72CCE0-A9FB-4995-B496-7FEC5C87B85B} = {46005040-1A98-4E75-85DA-AB492B2FBD5C}
	EndGlobalSection
EndGlobal
